// !$*UTF8*$!
{
	archiveVersion = 1;
	classes = {
	};
	objectVersion = 56;
	objects = {

/* Begin PBXBuildFile section */
		5DEF96282971B4420034B6C2 /* AppDelegate.swift in Sources */ = {isa = PBXBuildFile; fileRef = 5DEF96272971B4420034B6C2 /* AppDelegate.swift */; };
		5DEF962A2971B4420034B6C2 /* SceneDelegate.swift in Sources */ = {isa = PBXBuildFile; fileRef = 5DEF96292971B4420034B6C2 /* SceneDelegate.swift */; };
		5DEF96312971B4440034B6C2 /* Assets.xcassets in Resources */ = {isa = PBXBuildFile; fileRef = 5DEF96302971B4440034B6C2 /* Assets.xcassets */; };
		5DEF96342971B4440034B6C2 /* LaunchScreen.storyboard in Resources */ = {isa = PBXBuildFile; fileRef = 5DEF96322971B4440034B6C2 /* LaunchScreen.storyboard */; };
		5DEF965E2971B7480034B6C2 /* CataloguePresenter.swift in Sources */ = {isa = PBXBuildFile; fileRef = 5DEF965D2971B7480034B6C2 /* CataloguePresenter.swift */; };
		5DEF96602971B7A20034B6C2 /* Presenter.swift in Sources */ = {isa = PBXBuildFile; fileRef = 5DEF965F2971B7A20034B6C2 /* Presenter.swift */; };
		5DEF96642971B8340034B6C2 /* CatalogueInteractor.swift in Sources */ = {isa = PBXBuildFile; fileRef = 5DEF96632971B8340034B6C2 /* CatalogueInteractor.swift */; };
		5DEF96662971B8400034B6C2 /* Interactor.swift in Sources */ = {isa = PBXBuildFile; fileRef = 5DEF96652971B8400034B6C2 /* Interactor.swift */; };
		5DEF96682971B91A0034B6C2 /* CatalogueViewController.swift in Sources */ = {isa = PBXBuildFile; fileRef = 5DEF96672971B91A0034B6C2 /* CatalogueViewController.swift */; };
		5DEF966A2971BB480034B6C2 /* Builder.swift in Sources */ = {isa = PBXBuildFile; fileRef = 5DEF96692971BB480034B6C2 /* Builder.swift */; };
		5DEF966C2971BB920034B6C2 /* CatalogueBuilder.swift in Sources */ = {isa = PBXBuildFile; fileRef = 5DEF966B2971BB920034B6C2 /* CatalogueBuilder.swift */; };
/* End PBXBuildFile section */

/* Begin PBXFileReference section */
		5DEF96242971B4420034B6C2 /* 5. Builder.app */ = {isa = PBXFileReference; explicitFileType = wrapper.application; includeInIndex = 0; path = "5. Builder.app"; sourceTree = BUILT_PRODUCTS_DIR; };
		5DEF96272971B4420034B6C2 /* AppDelegate.swift */ = {isa = PBXFileReference; lastKnownFileType = sourcecode.swift; path = AppDelegate.swift; sourceTree = "<group>"; };
		5DEF96292971B4420034B6C2 /* SceneDelegate.swift */ = {isa = PBXFileReference; lastKnownFileType = sourcecode.swift; path = SceneDelegate.swift; sourceTree = "<group>"; };
		5DEF96302971B4440034B6C2 /* Assets.xcassets */ = {isa = PBXFileReference; lastKnownFileType = folder.assetcatalog; path = Assets.xcassets; sourceTree = "<group>"; };
		5DEF96332971B4440034B6C2 /* Base */ = {isa = PBXFileReference; lastKnownFileType = file.storyboard; name = Base; path = Base.lproj/LaunchScreen.storyboard; sourceTree = "<group>"; };
		5DEF96352971B4440034B6C2 /* Info.plist */ = {isa = PBXFileReference; lastKnownFileType = text.plist.xml; path = Info.plist; sourceTree = "<group>"; };
		5DEF965B2971B6680034B6C2 /* README.md */ = {isa = PBXFileReference; lastKnownFileType = net.daringfireball.markdown; path = README.md; sourceTree = "<group>"; };
		5DEF965D2971B7480034B6C2 /* CataloguePresenter.swift */ = {isa = PBXFileReference; lastKnownFileType = sourcecode.swift; path = CataloguePresenter.swift; sourceTree = "<group>"; };
		5DEF965F2971B7A20034B6C2 /* Presenter.swift */ = {isa = PBXFileReference; lastKnownFileType = sourcecode.swift; path = Presenter.swift; sourceTree = "<group>"; };
		5DEF96632971B8340034B6C2 /* CatalogueInteractor.swift */ = {isa = PBXFileReference; lastKnownFileType = sourcecode.swift; path = CatalogueInteractor.swift; sourceTree = "<group>"; };
		5DEF96652971B8400034B6C2 /* Interactor.swift */ = {isa = PBXFileReference; lastKnownFileType = sourcecode.swift; path = Interactor.swift; sourceTree = "<group>"; };
		5DEF96672971B91A0034B6C2 /* CatalogueViewController.swift */ = {isa = PBXFileReference; lastKnownFileType = sourcecode.swift; path = CatalogueViewController.swift; sourceTree = "<group>"; };
		5DEF96692971BB480034B6C2 /* Builder.swift */ = {isa = PBXFileReference; lastKnownFileType = sourcecode.swift; path = Builder.swift; sourceTree = "<group>"; };
		5DEF966B2971BB920034B6C2 /* CatalogueBuilder.swift */ = {isa = PBXFileReference; lastKnownFileType = sourcecode.swift; path = CatalogueBuilder.swift; sourceTree = "<group>"; };
/* End PBXFileReference section */

/* Begin PBXFrameworksBuildPhase section */
		5DEF96212971B4420034B6C2 /* Frameworks */ = {
			isa = PBXFrameworksBuildPhase;
			buildActionMask = 2147483647;
			files = (
			);
			runOnlyForDeploymentPostprocessing = 0;
		};
/* End PBXFrameworksBuildPhase section */

/* Begin PBXGroup section */
		5DEF961B2971B4420034B6C2 = {
			isa = PBXGroup;
			children = (
				5DEF965B2971B6680034B6C2 /* README.md */,
				5DEF96262971B4420034B6C2 /* 5. Builder */,
				5DEF96252971B4420034B6C2 /* Products */,
			);
			sourceTree = "<group>";
		};
		5DEF96252971B4420034B6C2 /* Products */ = {
			isa = PBXGroup;
			children = (
				5DEF96242971B4420034B6C2 /* 5. Builder.app */,
			);
			name = Products;
			sourceTree = "<group>";
		};
		5DEF96262971B4420034B6C2 /* 5. Builder */ = {
			isa = PBXGroup;
			children = (
				5DEF96572971B5670034B6C2 /* AppLayer */,
				5DEF96582971B56F0034B6C2 /* PresentationLayer */,
				5DEF96592971B5770034B6C2 /* Resources */,
			);
			path = "5. Builder";
			sourceTree = "<group>";
		};
		5DEF96572971B5670034B6C2 /* AppLayer */ = {
			isa = PBXGroup;
			children = (
				5DEF96272971B4420034B6C2 /* AppDelegate.swift */,
				5DEF96292971B4420034B6C2 /* SceneDelegate.swift */,
			);
			path = AppLayer;
			sourceTree = "<group>";
		};
		5DEF96582971B56F0034B6C2 /* PresentationLayer */ = {
			isa = PBXGroup;
			children = (
				5DEF965C2971B73B0034B6C2 /* Common */,
				5DEF96622971B81B0034B6C2 /* Scenes */,
			);
			path = PresentationLayer;
			sourceTree = "<group>";
		};
		5DEF96592971B5770034B6C2 /* Resources */ = {
			isa = PBXGroup;
			children = (
				5DEF96302971B4440034B6C2 /* Assets.xcassets */,
				5DEF96322971B4440034B6C2 /* LaunchScreen.storyboard */,
				5DEF96352971B4440034B6C2 /* Info.plist */,
			);
			path = Resources;
			sourceTree = "<group>";
		};
		5DEF965C2971B73B0034B6C2 /* Common */ = {
			isa = PBXGroup;
			children = (
				5DEF965F2971B7A20034B6C2 /* Presenter.swift */,
				5DEF96652971B8400034B6C2 /* Interactor.swift */,
				5DEF96692971BB480034B6C2 /* Builder.swift */,
			);
			path = Common;
			sourceTree = "<group>";
		};
		5DEF96612971B8070034B6C2 /* Catalogue */ = {
			isa = PBXGroup;
			children = (
				5DEF965D2971B7480034B6C2 /* CataloguePresenter.swift */,
				5DEF96632971B8340034B6C2 /* CatalogueInteractor.swift */,
				5DEF96672971B91A0034B6C2 /* CatalogueViewController.swift */,
				5DEF966B2971BB920034B6C2 /* CatalogueBuilder.swift */,
			);
			path = Catalogue;
			sourceTree = "<group>";
		};
		5DEF96622971B81B0034B6C2 /* Scenes */ = {
			isa = PBXGroup;
			children = (
				5DEF96612971B8070034B6C2 /* Catalogue */,
			);
			path = Scenes;
			sourceTree = "<group>";
		};
/* End PBXGroup section */

/* Begin PBXNativeTarget section */
		5DEF96232971B4420034B6C2 /* 5. Builder */ = {
			isa = PBXNativeTarget;
			buildConfigurationList = 5DEF964E2971B4440034B6C2 /* Build configuration list for PBXNativeTarget "5. Builder" */;
			buildPhases = (
				5DEF96202971B4420034B6C2 /* Sources */,
				5DEF96212971B4420034B6C2 /* Frameworks */,
				5DEF96222971B4420034B6C2 /* Resources */,
			);
			buildRules = (
			);
			dependencies = (
			);
			name = "5. Builder";
			productName = "5. Builder";
			productReference = 5DEF96242971B4420034B6C2 /* 5. Builder.app */;
			productType = "com.apple.product-type.application";
		};
/* End PBXNativeTarget section */

/* Begin PBXProject section */
		5DEF961C2971B4420034B6C2 /* Project object */ = {
			isa = PBXProject;
			attributes = {
				BuildIndependentTargetsInParallel = 1;
				LastSwiftUpdateCheck = 1410;
				LastUpgradeCheck = 1410;
				TargetAttributes = {
					5DEF96232971B4420034B6C2 = {
						CreatedOnToolsVersion = 14.1;
					};
				};
			};
			buildConfigurationList = 5DEF961F2971B4420034B6C2 /* Build configuration list for PBXProject "5. Builder" */;
			compatibilityVersion = "Xcode 14.0";
			developmentRegion = en;
			hasScannedForEncodings = 0;
			knownRegions = (
				en,
				Base,
			);
			mainGroup = 5DEF961B2971B4420034B6C2;
			productRefGroup = 5DEF96252971B4420034B6C2 /* Products */;
			projectDirPath = "";
			projectRoot = "";
			targets = (
				5DEF96232971B4420034B6C2 /* 5. Builder */,
			);
		};
/* End PBXProject section */

/* Begin PBXResourcesBuildPhase section */
		5DEF96222971B4420034B6C2 /* Resources */ = {
			isa = PBXResourcesBuildPhase;
			buildActionMask = 2147483647;
			files = (
				5DEF96342971B4440034B6C2 /* LaunchScreen.storyboard in Resources */,
				5DEF96312971B4440034B6C2 /* Assets.xcassets in Resources */,
			);
			runOnlyForDeploymentPostprocessing = 0;
		};
/* End PBXResourcesBuildPhase section */

/* Begin PBXSourcesBuildPhase section */
		5DEF96202971B4420034B6C2 /* Sources */ = {
			isa = PBXSourcesBuildPhase;
			buildActionMask = 2147483647;
			files = (
				5DEF96662971B8400034B6C2 /* Interactor.swift in Sources */,
				5DEF965E2971B7480034B6C2 /* CataloguePresenter.swift in Sources */,
				5DEF96642971B8340034B6C2 /* CatalogueInteractor.swift in Sources */,
				5DEF96682971B91A0034B6C2 /* CatalogueViewController.swift in Sources */,
				5DEF96282971B4420034B6C2 /* AppDelegate.swift in Sources */,
				5DEF962A2971B4420034B6C2 /* SceneDelegate.swift in Sources */,
				5DEF96602971B7A20034B6C2 /* Presenter.swift in Sources */,
				5DEF966A2971BB480034B6C2 /* Builder.swift in Sources */,
				5DEF966C2971BB920034B6C2 /* CatalogueBuilder.swift in Sources */,
			);
			runOnlyForDeploymentPostprocessing = 0;
		};
/* End PBXSourcesBuildPhase section */

/* Begin PBXVariantGroup section */
		5DEF96322971B4440034B6C2 /* LaunchScreen.storyboard */ = {
			isa = PBXVariantGroup;
			children = (
				5DEF96332971B4440034B6C2 /* Base */,
			);
			name = LaunchScreen.storyboard;
			sourceTree = "<group>";
		};
/* End PBXVariantGroup section */

/* Begin XCBuildConfiguration section */
		5DEF964C2971B4440034B6C2 /* Debug */ = {
			isa = XCBuildConfiguration;
			buildSettings = {
				ALWAYS_SEARCH_USER_PATHS = NO;
				CLANG_ANALYZER_NONNULL = YES;
				CLANG_ANALYZER_NUMBER_OBJECT_CONVERSION = YES_AGGRESSIVE;
				CLANG_CXX_LANGUAGE_STANDARD = "gnu++20";
				CLANG_ENABLE_MODULES = YES;
				CLANG_ENABLE_OBJC_ARC = YES;
				CLANG_ENABLE_OBJC_WEAK = YES;
				CLANG_WARN_BLOCK_CAPTURE_AUTORELEASING = YES;
				CLANG_WARN_BOOL_CONVERSION = YES;
				CLANG_WARN_COMMA = YES;
				CLANG_WARN_CONSTANT_CONVERSION = YES;
				CLANG_WARN_DEPRECATED_OBJC_IMPLEMENTATIONS = YES;
				CLANG_WARN_DIRECT_OBJC_ISA_USAGE = YES_ERROR;
				CLANG_WARN_DOCUMENTATION_COMMENTS = YES;
				CLANG_WARN_EMPTY_BODY = YES;
				CLANG_WARN_ENUM_CONVERSION = YES;
				CLANG_WARN_INFINITE_RECURSION = YES;
				CLANG_WARN_INT_CONVERSION = YES;
				CLANG_WARN_NON_LITERAL_NULL_CONVERSION = YES;
				CLANG_WARN_OBJC_IMPLICIT_RETAIN_SELF = YES;
				CLANG_WARN_OBJC_LITERAL_CONVERSION = YES;
				CLANG_WARN_OBJC_ROOT_CLASS = YES_ERROR;
				CLANG_WARN_QUOTED_INCLUDE_IN_FRAMEWORK_HEADER = YES;
				CLANG_WARN_RANGE_LOOP_ANALYSIS = YES;
				CLANG_WARN_STRICT_PROTOTYPES = YES;
				CLANG_WARN_SUSPICIOUS_MOVE = YES;
				CLANG_WARN_UNGUARDED_AVAILABILITY = YES_AGGRESSIVE;
				CLANG_WARN_UNREACHABLE_CODE = YES;
				CLANG_WARN__DUPLICATE_METHOD_MATCH = YES;
				COPY_PHASE_STRIP = NO;
				DEBUG_INFORMATION_FORMAT = dwarf;
				ENABLE_STRICT_OBJC_MSGSEND = YES;
				ENABLE_TESTABILITY = YES;
				GCC_C_LANGUAGE_STANDARD = gnu11;
				GCC_DYNAMIC_NO_PIC = NO;
				GCC_NO_COMMON_BLOCKS = YES;
				GCC_OPTIMIZATION_LEVEL = 0;
				GCC_PREPROCESSOR_DEFINITIONS = (
					"DEBUG=1",
					"$(inherited)",
				);
				GCC_WARN_64_TO_32_BIT_CONVERSION = YES;
				GCC_WARN_ABOUT_RETURN_TYPE = YES_ERROR;
				GCC_WARN_UNDECLARED_SELECTOR = YES;
				GCC_WARN_UNINITIALIZED_AUTOS = YES_AGGRESSIVE;
				GCC_WARN_UNUSED_FUNCTION = YES;
				GCC_WARN_UNUSED_VARIABLE = YES;
				IPHONEOS_DEPLOYMENT_TARGET = 11.0;
				MTL_ENABLE_DEBUG_INFO = INCLUDE_SOURCE;
				MTL_FAST_MATH = YES;
				ONLY_ACTIVE_ARCH = YES;
				SDKROOT = iphoneos;
				SWIFT_ACTIVE_COMPILATION_CONDITIONS = DEBUG;
				SWIFT_OPTIMIZATION_LEVEL = "-Onone";
			};
			name = Debug;
		};
		5DEF964D2971B4440034B6C2 /* Release */ = {
			isa = XCBuildConfiguration;
			buildSettings = {
				ALWAYS_SEARCH_USER_PATHS = NO;
				CLANG_ANALYZER_NONNULL = YES;
				CLANG_ANALYZER_NUMBER_OBJECT_CONVERSION = YES_AGGRESSIVE;
				CLANG_CXX_LANGUAGE_STANDARD = "gnu++20";
				CLANG_ENABLE_MODULES = YES;
				CLANG_ENABLE_OBJC_ARC = YES;
				CLANG_ENABLE_OBJC_WEAK = YES;
				CLANG_WARN_BLOCK_CAPTURE_AUTORELEASING = YES;
				CLANG_WARN_BOOL_CONVERSION = YES;
				CLANG_WARN_COMMA = YES;
				CLANG_WARN_CONSTANT_CONVERSION = YES;
				CLANG_WARN_DEPRECATED_OBJC_IMPLEMENTATIONS = YES;
				CLANG_WARN_DIRECT_OBJC_ISA_USAGE = YES_ERROR;
				CLANG_WARN_DOCUMENTATION_COMMENTS = YES;
				CLANG_WARN_EMPTY_BODY = YES;
				CLANG_WARN_ENUM_CONVERSION = YES;
				CLANG_WARN_INFINITE_RECURSION = YES;
				CLANG_WARN_INT_CONVERSION = YES;
				CLANG_WARN_NON_LITERAL_NULL_CONVERSION = YES;
				CLANG_WARN_OBJC_IMPLICIT_RETAIN_SELF = YES;
				CLANG_WARN_OBJC_LITERAL_CONVERSION = YES;
				CLANG_WARN_OBJC_ROOT_CLASS = YES_ERROR;
				CLANG_WARN_QUOTED_INCLUDE_IN_FRAMEWORK_HEADER = YES;
				CLANG_WARN_RANGE_LOOP_ANALYSIS = YES;
				CLANG_WARN_STRICT_PROTOTYPES = YES;
				CLANG_WARN_SUSPICIOUS_MOVE = YES;
				CLANG_WARN_UNGUARDED_AVAILABILITY = YES_AGGRESSIVE;
				CLANG_WARN_UNREACHABLE_CODE = YES;
				CLANG_WARN__DUPLICATE_METHOD_MATCH = YES;
				COPY_PHASE_STRIP = NO;
				DEBUG_INFORMATION_FORMAT = "dwarf-with-dsym";
				ENABLE_NS_ASSERTIONS = NO;
				ENABLE_STRICT_OBJC_MSGSEND = YES;
				GCC_C_LANGUAGE_STANDARD = gnu11;
				GCC_NO_COMMON_BLOCKS = YES;
				GCC_WARN_64_TO_32_BIT_CONVERSION = YES;
				GCC_WARN_ABOUT_RETURN_TYPE = YES_ERROR;
				GCC_WARN_UNDECLARED_SELECTOR = YES;
				GCC_WARN_UNINITIALIZED_AUTOS = YES_AGGRESSIVE;
				GCC_WARN_UNUSED_FUNCTION = YES;
				GCC_WARN_UNUSED_VARIABLE = YES;
				IPHONEOS_DEPLOYMENT_TARGET = 11.0;
				MTL_ENABLE_DEBUG_INFO = NO;
				MTL_FAST_MATH = YES;
				SDKROOT = iphoneos;
				SWIFT_COMPILATION_MODE = wholemodule;
				SWIFT_OPTIMIZATION_LEVEL = "-O";
				VALIDATE_PRODUCT = YES;
			};
			name = Release;
		};
		5DEF964F2971B4440034B6C2 /* Debug */ = {
			isa = XCBuildConfiguration;
			buildSettings = {
				ASSETCATALOG_COMPILER_APPICON_NAME = AppIcon;
				ASSETCATALOG_COMPILER_GLOBAL_ACCENT_COLOR_NAME = AccentColor;
				CODE_SIGN_STYLE = Automatic;
				CURRENT_PROJECT_VERSION = 1;
				DEVELOPMENT_TEAM = 7FCTC6DRE7;
				GENERATE_INFOPLIST_FILE = YES;
				INFOPLIST_FILE = "5. Builder/Resources/Info.plist";
				INFOPLIST_KEY_CFBundleDisplayName = Builder;
				INFOPLIST_KEY_UIApplicationSupportsIndirectInputEvents = YES;
				INFOPLIST_KEY_UILaunchStoryboardName = LaunchScreen;
				INFOPLIST_KEY_UISupportedInterfaceOrientations_iPad = "UIInterfaceOrientationPortrait UIInterfaceOrientationPortraitUpsideDown UIInterfaceOrientationLandscapeLeft UIInterfaceOrientationLandscapeRight";
				INFOPLIST_KEY_UISupportedInterfaceOrientations_iPhone = "UIInterfaceOrientationPortrait UIInterfaceOrientationLandscapeLeft UIInterfaceOrientationLandscapeRight";
				IPHONEOS_DEPLOYMENT_TARGET = 14.0;
				LD_RUNPATH_SEARCH_PATHS = (
					"$(inherited)",
					"@executable_path/Frameworks",
				);
				MARKETING_VERSION = 1.0;
				PRODUCT_BUNDLE_IDENTIFIER = com.azizbekasadov.builder;
				PRODUCT_NAME = "$(TARGET_NAME)";
				SWIFT_EMIT_LOC_STRINGS = YES;
				SWIFT_VERSION = 5.0;
				TARGETED_DEVICE_FAMILY = "1,2";
			};
			name = Debug;
		};
		5DEF96502971B4440034B6C2 /* Release */ = {
			isa = XCBuildConfiguration;
			buildSettings = {
				ASSETCATALOG_COMPILER_APPICON_NAME = AppIcon;
				ASSETCATALOG_COMPILER_GLOBAL_ACCENT_COLOR_NAME = AccentColor;
				CODE_SIGN_STYLE = Automatic;
				CURRENT_PROJECT_VERSION = 1;
				DEVELOPMENT_TEAM = 7FCTC6DRE7;
				GENERATE_INFOPLIST_FILE = YES;
				INFOPLIST_FILE = "5. Builder/Resources/Info.plist";
				INFOPLIST_KEY_CFBundleDisplayName = Builder;
				INFOPLIST_KEY_UIApplicationSupportsIndirectInputEvents = YES;
				INFOPLIST_KEY_UILaunchStoryboardName = LaunchScreen;
				INFOPLIST_KEY_UISupportedInterfaceOrientations_iPad = "UIInterfaceOrientationPortrait UIInterfaceOrientationPortraitUpsideDown UIInterfaceOrientationLandscapeLeft UIInterfaceOrientationLandscapeRight";
				INFOPLIST_KEY_UISupportedInterfaceOrientations_iPhone = "UIInterfaceOrientationPortrait UIInterfaceOrientationLandscapeLeft UIInterfaceOrientationLandscapeRight";
				IPHONEOS_DEPLOYMENT_TARGET = 14.0;
				LD_RUNPATH_SEARCH_PATHS = (
					"$(inherited)",
					"@executable_path/Frameworks",
				);
				MARKETING_VERSION = 1.0;
				PRODUCT_BUNDLE_IDENTIFIER = com.azizbekasadov.builder;
				PRODUCT_NAME = "$(TARGET_NAME)";
				SWIFT_EMIT_LOC_STRINGS = YES;
				SWIFT_VERSION = 5.0;
				TARGETED_DEVICE_FAMILY = "1,2";
			};
			name = Release;
		};
/* End XCBuildConfiguration section */

/* Begin XCConfigurationList section */
		5DEF961F2971B4420034B6C2 /* Build configuration list for PBXProject "5. Builder" */ = {
			isa = XCConfigurationList;
			buildConfigurations = (
				5DEF964C2971B4440034B6C2 /* Debug */,
				5DEF964D2971B4440034B6C2 /* Release */,
			);
			defaultConfigurationIsVisible = 0;
			defaultConfigurationName = Release;
		};
		5DEF964E2971B4440034B6C2 /* Build configuration list for PBXNativeTarget "5. Builder" */ = {
			isa = XCConfigurationList;
			buildConfigurations = (
				5DEF964F2971B4440034B6C2 /* Debug */,
				5DEF96502971B4440034B6C2 /* Release */,
			);
			defaultConfigurationIsVisible = 0;
			defaultConfigurationName = Release;
		};
/* End XCConfigurationList section */
	};
	rootObject = 5DEF961C2971B4420034B6C2 /* Project object */;
}
